
Microsoft Visual Studio Solution File, Format Version 12.00
# Visual Studio Version 17
VisualStudioVersion = 17.12.35527.113 d17.12
MinimumVisualStudioVersion = 10.0.40219.1
Project("{FAE04EC0-301F-11D3-BF4B-00C04F79EFBC}") = "MyECommerceWebApp", "MyECommerceWebApp\MyECommerceWebApp.csproj", "{F2017252-72F8-4D4D-A1A9-9D37F54A1108}"
EndProject
Project("{FAE04EC0-301F-11D3-BF4B-00C04F79EFBC}") = "MyECommerceWebApp.Tests", "MyECommerceWebApp.Tests\MyECommerceWebApp.Tests.csproj", "{6643B8E4-8AB4-45C0-AD0D-87CBA1B5B11E}"
EndProject
Global
	GlobalSection(SolutionProperties) = preSolution
		HideSolutionNode = FALSE
	EndGlobalSection
	GlobalSection(SolutionConfigurationPlatforms) = preSolution
		Debug|Any CPU = Debug|Any CPU
		Debug|x64 = Debug|x64
		Debug|x86 = Debug|x86
		Release|Any CPU = Release|Any CPU
		Release|x64 = Release|x64
		Release|x86 = Release|x86
	EndGlobalSection
	GlobalSection(ProjectConfigurationPlatforms) = postSolution
		{F2017252-72F8-4D4D-A1A9-9D37F54A1108}.Debug|Any CPU.ActiveCfg = Debug|Any CPU
		{F2017252-72F8-4D4D-A1A9-9D37F54A1108}.Debug|Any CPU.Build.0 = Debug|Any CPU
		{F2017252-72F8-4D4D-A1A9-9D37F54A1108}.Debug|x64.ActiveCfg = Debug|Any CPU
		{F2017252-72F8-4D4D-A1A9-9D37F54A1108}.Debug|x64.Build.0 = Debug|Any CPU
		{F2017252-72F8-4D4D-A1A9-9D37F54A1108}.Debug|x86.ActiveCfg = Debug|Any CPU
		{F2017252-72F8-4D4D-A1A9-9D37F54A1108}.Debug|x86.Build.0 = Debug|Any CPU
		{F2017252-72F8-4D4D-A1A9-9D37F54A1108}.Release|Any CPU.ActiveCfg = Release|Any CPU
		{F2017252-72F8-4D4D-A1A9-9D37F54A1108}.Release|Any CPU.Build.0 = Release|Any CPU
		{F2017252-72F8-4D4D-A1A9-9D37F54A1108}.Release|x64.ActiveCfg = Release|Any CPU
		{F2017252-72F8-4D4D-A1A9-9D37F54A1108}.Release|x64.Build.0 = Release|Any CPU
		{F2017252-72F8-4D4D-A1A9-9D37F54A1108}.Release|x86.ActiveCfg = Release|Any CPU
		{F2017252-72F8-4D4D-A1A9-9D37F54A1108}.Release|x86.Build.0 = Release|Any CPU
		{6643B8E4-8AB4-45C0-AD0D-87CBA1B5B11E}.Debug|Any CPU.ActiveCfg = Debug|Any CPU
		{6643B8E4-8AB4-45C0-AD0D-87CBA1B5B11E}.Debug|Any CPU.Build.0 = Debug|Any CPU
		{6643B8E4-8AB4-45C0-AD0D-87CBA1B5B11E}.Debug|x64.ActiveCfg = Debug|Any CPU
		{6643B8E4-8AB4-45C0-AD0D-87CBA1B5B11E}.Debug|x64.Build.0 = Debug|Any CPU
		{6643B8E4-8AB4-45C0-AD0D-87CBA1B5B11E}.Debug|x86.ActiveCfg = Debug|Any CPU
		{6643B8E4-8AB4-45C0-AD0D-87CBA1B5B11E}.Debug|x86.Build.0 = Debug|Any CPU
		{6643B8E4-8AB4-45C0-AD0D-87CBA1B5B11E}.Release|Any CPU.ActiveCfg = Release|Any CPU
		{6643B8E4-8AB4-45C0-AD0D-87CBA1B5B11E}.Release|Any CPU.Build.0 = Release|Any CPU
		{6643B8E4-8AB4-45C0-AD0D-87CBA1B5B11E}.Release|x64.ActiveCfg = Release|Any CPU
		{6643B8E4-8AB4-45C0-AD0D-87CBA1B5B11E}.Release|x64.Build.0 = Release|Any CPU
		{6643B8E4-8AB4-45C0-AD0D-87CBA1B5B11E}.Release|x86.ActiveCfg = Release|Any CPU
		{6643B8E4-8AB4-45C0-AD0D-87CBA1B5B11E}.Release|x86.Build.0 = Release|Any CPU
	EndGlobalSection
EndGlobal
